
Microsoft Visual Studio Solution File, Format Version 12.00
# Visual Studio 14
VisualStudioVersion = 14.0.25420.1
MinimumVisualStudioVersion = 10.0.40219.1
Project("{FAE04EC0-301F-11D3-BF4B-00C04F79EFBC}") = "Proyecto.Presentacion", "Proyecto.Presentacion\Proyecto.Presentacion.csproj", "{75D25375-517F-4967-B6A6-F7C7A9BEDC40}"
EndProject
Project("{FAE04EC0-301F-11D3-BF4B-00C04F79EFBC}") = "Proyecto.Negocio", "Proyecto.Negocio\Proyecto.Negocio.csproj", "{449DF87A-4639-4B7C-B15C-3102BD440C2B}"
EndProject
Project("{FAE04EC0-301F-11D3-BF4B-00C04F79EFBC}") = "Proyecto.Datos", "Proyecto.Datos\Proyecto.Datos.csproj", "{0B1DEF97-A0DA-48DD-8BA8-DC13D1155A7E}"
EndProject
Project("{00D1A9C2-B5F0-4AF3-8072-F6C62B433612}") = "Proyecto.DataBase", "Proyecto.DataBase\Proyecto.DataBase.sqlproj", "{5846EBDA-42D8-45A6-AB21-A8BCB3DBCFF1}"
EndProject
Project("{FAE04EC0-301F-11D3-BF4B-00C04F79EFBC}") = "Proyecto.Utilitarios", "Proyecto.Utilitarios\Proyecto.Utilitarios.csproj", "{6A2592AE-86F3-4C50-9FD2-B7395AC1B9CA}"
EndProject
Project("{F14B399A-7131-4C87-9E4B-1186C45EF12D}") = "Proyecto.Informe", "Proyecto.Informe\Proyecto.Informe.rptproj", "{312DA954-3FCA-4CF9-8053-212CE6C08167}"
EndProject
Project("{6141683F-8A12-4E36-9623-2EB02B2C2303}") = "Setup1", "Setup1\Setup1.isproj", "{E546AC05-C304-4AA4-8B2C-F084CA8D8A1F}"
	ProjectSection(ProjectDependencies) = postProject
		{75D25375-517F-4967-B6A6-F7C7A9BEDC40} = {75D25375-517F-4967-B6A6-F7C7A9BEDC40}
		{449DF87A-4639-4B7C-B15C-3102BD440C2B} = {449DF87A-4639-4B7C-B15C-3102BD440C2B}
		{0B1DEF97-A0DA-48DD-8BA8-DC13D1155A7E} = {0B1DEF97-A0DA-48DD-8BA8-DC13D1155A7E}
		{6A2592AE-86F3-4C50-9FD2-B7395AC1B9CA} = {6A2592AE-86F3-4C50-9FD2-B7395AC1B9CA}
	EndProjectSection
EndProject
Global
	GlobalSection(SolutionConfigurationPlatforms) = preSolution
		CD_ROM|Any CPU = CD_ROM|Any CPU
		Debug|Any CPU = Debug|Any CPU
		DebugLocal|Any CPU = DebugLocal|Any CPU
		Development|Any CPU = Development|Any CPU
		DVD-5|Any CPU = DVD-5|Any CPU
		Release|Any CPU = Release|Any CPU
		SingleImage|Any CPU = SingleImage|Any CPU
	EndGlobalSection
	GlobalSection(ProjectConfigurationPlatforms) = postSolution
		{75D25375-517F-4967-B6A6-F7C7A9BEDC40}.CD_ROM|Any CPU.ActiveCfg = Release|Any CPU
		{75D25375-517F-4967-B6A6-F7C7A9BEDC40}.CD_ROM|Any CPU.Build.0 = Release|Any CPU
		{75D25375-517F-4967-B6A6-F7C7A9BEDC40}.Debug|Any CPU.ActiveCfg = Debug|Any CPU
		{75D25375-517F-4967-B6A6-F7C7A9BEDC40}.Debug|Any CPU.Build.0 = Debug|Any CPU
		{75D25375-517F-4967-B6A6-F7C7A9BEDC40}.DebugLocal|Any CPU.ActiveCfg = Debug|Any CPU
		{75D25375-517F-4967-B6A6-F7C7A9BEDC40}.DebugLocal|Any CPU.Build.0 = Debug|Any CPU
		{75D25375-517F-4967-B6A6-F7C7A9BEDC40}.Development|Any CPU.ActiveCfg = Debug|Any CPU
		{75D25375-517F-4967-B6A6-F7C7A9BEDC40}.Development|Any CPU.Build.0 = Debug|Any CPU
		{75D25375-517F-4967-B6A6-F7C7A9BEDC40}.DVD-5|Any CPU.ActiveCfg = Debug|Any CPU
		{75D25375-517F-4967-B6A6-F7C7A9BEDC40}.DVD-5|Any CPU.Build.0 = Debug|Any CPU
		{75D25375-517F-4967-B6A6-F7C7A9BEDC40}.Release|Any CPU.ActiveCfg = Release|Any CPU
		{75D25375-517F-4967-B6A6-F7C7A9BEDC40}.Release|Any CPU.Build.0 = Release|Any CPU
		{75D25375-517F-4967-B6A6-F7C7A9BEDC40}.SingleImage|Any CPU.ActiveCfg = Release|Any CPU
		{75D25375-517F-4967-B6A6-F7C7A9BEDC40}.SingleImage|Any CPU.Build.0 = Release|Any CPU
		{449DF87A-4639-4B7C-B15C-3102BD440C2B}.CD_ROM|Any CPU.ActiveCfg = Release|Any CPU
		{449DF87A-4639-4B7C-B15C-3102BD440C2B}.CD_ROM|Any CPU.Build.0 = Release|Any CPU
		{449DF87A-4639-4B7C-B15C-3102BD440C2B}.Debug|Any CPU.ActiveCfg = Debug|Any CPU
		{449DF87A-4639-4B7C-B15C-3102BD440C2B}.Debug|Any CPU.Build.0 = Debug|Any CPU
		{449DF87A-4639-4B7C-B15C-3102BD440C2B}.DebugLocal|Any CPU.ActiveCfg = Debug|Any CPU
		{449DF87A-4639-4B7C-B15C-3102BD440C2B}.DebugLocal|Any CPU.Build.0 = Debug|Any CPU
		{449DF87A-4639-4B7C-B15C-3102BD440C2B}.Development|Any CPU.ActiveCfg = Debug|Any CPU
		{449DF87A-4639-4B7C-B15C-3102BD440C2B}.Development|Any CPU.Build.0 = Debug|Any CPU
		{449DF87A-4639-4B7C-B15C-3102BD440C2B}.DVD-5|Any CPU.ActiveCfg = Debug|Any CPU
		{449DF87A-4639-4B7C-B15C-3102BD440C2B}.DVD-5|Any CPU.Build.0 = Debug|Any CPU
		{449DF87A-4639-4B7C-B15C-3102BD440C2B}.Release|Any CPU.ActiveCfg = Release|Any CPU
		{449DF87A-4639-4B7C-B15C-3102BD440C2B}.Release|Any CPU.Build.0 = Release|Any CPU
		{449DF87A-4639-4B7C-B15C-3102BD440C2B}.SingleImage|Any CPU.ActiveCfg = Release|Any CPU
		{449DF87A-4639-4B7C-B15C-3102BD440C2B}.SingleImage|Any CPU.Build.0 = Release|Any CPU
		{0B1DEF97-A0DA-48DD-8BA8-DC13D1155A7E}.CD_ROM|Any CPU.ActiveCfg = Release|Any CPU
		{0B1DEF97-A0DA-48DD-8BA8-DC13D1155A7E}.CD_ROM|Any CPU.Build.0 = Release|Any CPU
		{0B1DEF97-A0DA-48DD-8BA8-DC13D1155A7E}.Debug|Any CPU.ActiveCfg = Debug|Any CPU
		{0B1DEF97-A0DA-48DD-8BA8-DC13D1155A7E}.Debug|Any CPU.Build.0 = Debug|Any CPU
		{0B1DEF97-A0DA-48DD-8BA8-DC13D1155A7E}.DebugLocal|Any CPU.ActiveCfg = Debug|Any CPU
		{0B1DEF97-A0DA-48DD-8BA8-DC13D1155A7E}.DebugLocal|Any CPU.Build.0 = Debug|Any CPU
		{0B1DEF97-A0DA-48DD-8BA8-DC13D1155A7E}.Development|Any CPU.ActiveCfg = Debug|Any CPU
		{0B1DEF97-A0DA-48DD-8BA8-DC13D1155A7E}.Development|Any CPU.Build.0 = Debug|Any CPU
		{0B1DEF97-A0DA-48DD-8BA8-DC13D1155A7E}.DVD-5|Any CPU.ActiveCfg = Debug|Any CPU
		{0B1DEF97-A0DA-48DD-8BA8-DC13D1155A7E}.DVD-5|Any CPU.Build.0 = Debug|Any CPU
		{0B1DEF97-A0DA-48DD-8BA8-DC13D1155A7E}.Release|Any CPU.ActiveCfg = Release|Any CPU
		{0B1DEF97-A0DA-48DD-8BA8-DC13D1155A7E}.Release|Any CPU.Build.0 = Release|Any CPU
		{0B1DEF97-A0DA-48DD-8BA8-DC13D1155A7E}.SingleImage|Any CPU.ActiveCfg = Release|Any CPU
		{0B1DEF97-A0DA-48DD-8BA8-DC13D1155A7E}.SingleImage|Any CPU.Build.0 = Release|Any CPU
		{5846EBDA-42D8-45A6-AB21-A8BCB3DBCFF1}.CD_ROM|Any CPU.ActiveCfg = Release|Any CPU
		{5846EBDA-42D8-45A6-AB21-A8BCB3DBCFF1}.CD_ROM|Any CPU.Build.0 = Release|Any CPU
		{5846EBDA-42D8-45A6-AB21-A8BCB3DBCFF1}.CD_ROM|Any CPU.Deploy.0 = Release|Any CPU
		{5846EBDA-42D8-45A6-AB21-A8BCB3DBCFF1}.Debug|Any CPU.ActiveCfg = Debug|Any CPU
		{5846EBDA-42D8-45A6-AB21-A8BCB3DBCFF1}.Debug|Any CPU.Build.0 = Debug|Any CPU
		{5846EBDA-42D8-45A6-AB21-A8BCB3DBCFF1}.Debug|Any CPU.Deploy.0 = Debug|Any CPU
		{5846EBDA-42D8-45A6-AB21-A8BCB3DBCFF1}.DebugLocal|Any CPU.ActiveCfg = Debug|Any CPU
		{5846EBDA-42D8-45A6-AB21-A8BCB3DBCFF1}.DebugLocal|Any CPU.Build.0 = Debug|Any CPU
		{5846EBDA-42D8-45A6-AB21-A8BCB3DBCFF1}.DebugLocal|Any CPU.Deploy.0 = Debug|Any CPU
		{5846EBDA-42D8-45A6-AB21-A8BCB3DBCFF1}.Development|Any CPU.ActiveCfg = Debug|Any CPU
		{5846EBDA-42D8-45A6-AB21-A8BCB3DBCFF1}.Development|Any CPU.Build.0 = Debug|Any CPU
		{5846EBDA-42D8-45A6-AB21-A8BCB3DBCFF1}.Development|Any CPU.Deploy.0 = Debug|Any CPU
		{5846EBDA-42D8-45A6-AB21-A8BCB3DBCFF1}.DVD-5|Any CPU.ActiveCfg = Debug|Any CPU
		{5846EBDA-42D8-45A6-AB21-A8BCB3DBCFF1}.DVD-5|Any CPU.Build.0 = Debug|Any CPU
		{5846EBDA-42D8-45A6-AB21-A8BCB3DBCFF1}.DVD-5|Any CPU.Deploy.0 = Debug|Any CPU
		{5846EBDA-42D8-45A6-AB21-A8BCB3DBCFF1}.Release|Any CPU.ActiveCfg = Release|Any CPU
		{5846EBDA-42D8-45A6-AB21-A8BCB3DBCFF1}.Release|Any CPU.Build.0 = Release|Any CPU
		{5846EBDA-42D8-45A6-AB21-A8BCB3DBCFF1}.Release|Any CPU.Deploy.0 = Release|Any CPU
		{5846EBDA-42D8-45A6-AB21-A8BCB3DBCFF1}.SingleImage|Any CPU.ActiveCfg = Release|Any CPU
		{5846EBDA-42D8-45A6-AB21-A8BCB3DBCFF1}.SingleImage|Any CPU.Build.0 = Release|Any CPU
		{5846EBDA-42D8-45A6-AB21-A8BCB3DBCFF1}.SingleImage|Any CPU.Deploy.0 = Release|Any CPU
		{6A2592AE-86F3-4C50-9FD2-B7395AC1B9CA}.CD_ROM|Any CPU.ActiveCfg = Release|Any CPU
		{6A2592AE-86F3-4C50-9FD2-B7395AC1B9CA}.CD_ROM|Any CPU.Build.0 = Release|Any CPU
		{6A2592AE-86F3-4C50-9FD2-B7395AC1B9CA}.Debug|Any CPU.ActiveCfg = Debug|Any CPU
		{6A2592AE-86F3-4C50-9FD2-B7395AC1B9CA}.Debug|Any CPU.Build.0 = Debug|Any CPU
		{6A2592AE-86F3-4C50-9FD2-B7395AC1B9CA}.DebugLocal|Any CPU.ActiveCfg = Debug|Any CPU
		{6A2592AE-86F3-4C50-9FD2-B7395AC1B9CA}.DebugLocal|Any CPU.Build.0 = Debug|Any CPU
		{6A2592AE-86F3-4C50-9FD2-B7395AC1B9CA}.Development|Any CPU.ActiveCfg = Debug|Any CPU
		{6A2592AE-86F3-4C50-9FD2-B7395AC1B9CA}.Development|Any CPU.Build.0 = Debug|Any CPU
		{6A2592AE-86F3-4C50-9FD2-B7395AC1B9CA}.DVD-5|Any CPU.ActiveCfg = Debug|Any CPU
		{6A2592AE-86F3-4C50-9FD2-B7395AC1B9CA}.DVD-5|Any CPU.Build.0 = Debug|Any CPU
		{6A2592AE-86F3-4C50-9FD2-B7395AC1B9CA}.Release|Any CPU.ActiveCfg = Release|Any CPU
		{6A2592AE-86F3-4C50-9FD2-B7395AC1B9CA}.Release|Any CPU.Build.0 = Release|Any CPU
		{6A2592AE-86F3-4C50-9FD2-B7395AC1B9CA}.SingleImage|Any CPU.ActiveCfg = Release|Any CPU
		{6A2592AE-86F3-4C50-9FD2-B7395AC1B9CA}.SingleImage|Any CPU.Build.0 = Release|Any CPU
		{312DA954-3FCA-4CF9-8053-212CE6C08167}.CD_ROM|Any CPU.ActiveCfg = Release
		{312DA954-3FCA-4CF9-8053-212CE6C08167}.CD_ROM|Any CPU.Build.0 = Release
		{312DA954-3FCA-4CF9-8053-212CE6C08167}.CD_ROM|Any CPU.Deploy.0 = Release
		{312DA954-3FCA-4CF9-8053-212CE6C08167}.Debug|Any CPU.ActiveCfg = Debug
		{312DA954-3FCA-4CF9-8053-212CE6C08167}.Debug|Any CPU.Build.0 = Debug
		{312DA954-3FCA-4CF9-8053-212CE6C08167}.Debug|Any CPU.Deploy.0 = Debug
		{312DA954-3FCA-4CF9-8053-212CE6C08167}.DebugLocal|Any CPU.ActiveCfg = DebugLocal
		{312DA954-3FCA-4CF9-8053-212CE6C08167}.DebugLocal|Any CPU.Build.0 = DebugLocal
		{312DA954-3FCA-4CF9-8053-212CE6C08167}.Development|Any CPU.ActiveCfg = DebugLocal
		{312DA954-3FCA-4CF9-8053-212CE6C08167}.Development|Any CPU.Build.0 = DebugLocal
		{312DA954-3FCA-4CF9-8053-212CE6C08167}.Development|Any CPU.Deploy.0 = DebugLocal
		{312DA954-3FCA-4CF9-8053-212CE6C08167}.DVD-5|Any CPU.ActiveCfg = DebugLocal
		{312DA954-3FCA-4CF9-8053-212CE6C08167}.DVD-5|Any CPU.Build.0 = DebugLocal
		{312DA954-3FCA-4CF9-8053-212CE6C08167}.DVD-5|Any CPU.Deploy.0 = DebugLocal
		{312DA954-3FCA-4CF9-8053-212CE6C08167}.Release|Any CPU.ActiveCfg = Release
		{312DA954-3FCA-4CF9-8053-212CE6C08167}.Release|Any CPU.Build.0 = Release
		{312DA954-3FCA-4CF9-8053-212CE6C08167}.Release|Any CPU.Deploy.0 = Release
		{312DA954-3FCA-4CF9-8053-212CE6C08167}.SingleImage|Any CPU.ActiveCfg = Release
		{312DA954-3FCA-4CF9-8053-212CE6C08167}.SingleImage|Any CPU.Build.0 = Release
		{312DA954-3FCA-4CF9-8053-212CE6C08167}.SingleImage|Any CPU.Deploy.0 = Release
		{E546AC05-C304-4AA4-8B2C-F084CA8D8A1F}.CD_ROM|Any CPU.ActiveCfg = CD_ROM
		{E546AC05-C304-4AA4-8B2C-F084CA8D8A1F}.CD_ROM|Any CPU.Build.0 = CD_ROM
		{E546AC05-C304-4AA4-8B2C-F084CA8D8A1F}.Debug|Any CPU.ActiveCfg = DVD-5
		{E546AC05-C304-4AA4-8B2C-F084CA8D8A1F}.Debug|Any CPU.Build.0 = DVD-5
		{E546AC05-C304-4AA4-8B2C-F084CA8D8A1F}.DebugLocal|Any CPU.ActiveCfg = DVD-5
		{E546AC05-C304-4AA4-8B2C-F084CA8D8A1F}.DebugLocal|Any CPU.Build.0 = DVD-5
		{E546AC05-C304-4AA4-8B2C-F084CA8D8A1F}.Development|Any CPU.ActiveCfg = DVD-5
		{E546AC05-C304-4AA4-8B2C-F084CA8D8A1F}.Development|Any CPU.Build.0 = DVD-5
		{E546AC05-C304-4AA4-8B2C-F084CA8D8A1F}.DVD-5|Any CPU.ActiveCfg = DVD-5
		{E546AC05-C304-4AA4-8B2C-F084CA8D8A1F}.DVD-5|Any CPU.Build.0 = DVD-5
		{E546AC05-C304-4AA4-8B2C-F084CA8D8A1F}.Release|Any CPU.ActiveCfg = SingleImage
		{E546AC05-C304-4AA4-8B2C-F084CA8D8A1F}.Release|Any CPU.Build.0 = SingleImage
		{E546AC05-C304-4AA4-8B2C-F084CA8D8A1F}.SingleImage|Any CPU.ActiveCfg = SingleImage
		{E546AC05-C304-4AA4-8B2C-F084CA8D8A1F}.SingleImage|Any CPU.Build.0 = SingleImage
	EndGlobalSection
	GlobalSection(SolutionProperties) = preSolution
		HideSolutionNode = FALSE
	EndGlobalSection
EndGlobal
